// !$*UTF8*$!
{
	archiveVersion = 1;
	classes = {
	};
	objectVersion = 50;
	objects = {

/* Begin PBXBuildFile section */
		6D8837D6228D7B8E00187BE6 /* AppDelegate.swift in Sources */ = {isa = PBXBuildFile; fileRef = 6D8837D5228D7B8E00187BE6 /* AppDelegate.swift */; };
		6D8837DB228D7B8E00187BE6 /* Settings.storyboard in Resources */ = {isa = PBXBuildFile; fileRef = 6D8837D9228D7B8E00187BE6 /* Settings.storyboard */; };
		6D8837DD228D7B9100187BE6 /* Assets.xcassets in Resources */ = {isa = PBXBuildFile; fileRef = 6D8837DC228D7B9100187BE6 /* Assets.xcassets */; };
		6D8837E0228D7B9100187BE6 /* LaunchScreen.storyboard in Resources */ = {isa = PBXBuildFile; fileRef = 6D8837DE228D7B9100187BE6 /* LaunchScreen.storyboard */; };
		6D8837EB228D7B9100187BE6 /* BlinkyTests.swift in Sources */ = {isa = PBXBuildFile; fileRef = 6D8837EA228D7B9100187BE6 /* BlinkyTests.swift */; };
		6D883800228D930200187BE6 /* FriendListViewController.swift in Sources */ = {isa = PBXBuildFile; fileRef = 6D8837FF228D930200187BE6 /* FriendListViewController.swift */; };
		6D883802228D931800187BE6 /* FriendList.storyboard in Resources */ = {isa = PBXBuildFile; fileRef = 6D883801228D931800187BE6 /* FriendList.storyboard */; };
		6D883804228D933100187BE6 /* SearchFriendViewController.swift in Sources */ = {isa = PBXBuildFile; fileRef = 6D883803228D933100187BE6 /* SearchFriendViewController.swift */; };
		6D883806228D934100187BE6 /* SearchFriend.storyboard in Resources */ = {isa = PBXBuildFile; fileRef = 6D883805228D934100187BE6 /* SearchFriend.storyboard */; };
		6D883808228D935900187BE6 /* ChangeNickNameViewController.swift in Sources */ = {isa = PBXBuildFile; fileRef = 6D883807228D935900187BE6 /* ChangeNickNameViewController.swift */; };
		6D88380B228D938D00187BE6 /* ChangeNickName.storyboard in Resources */ = {isa = PBXBuildFile; fileRef = 6D88380A228D938D00187BE6 /* ChangeNickName.storyboard */; };
		6D88380E22901A8300187BE6 /* SettingViewController.swift in Sources */ = {isa = PBXBuildFile; fileRef = 6D88380D22901A8300187BE6 /* SettingViewController.swift */; };
		806024075F4F7A88B9815894 /* Pods_Blinky.framework in Frameworks */ = {isa = PBXBuildFile; fileRef = 3FC393DC291747B02C6F83D3 /* Pods_Blinky.framework */; };
		E0709E98FED90EE508BB918D /* Pods_BlinkyTests.framework in Frameworks */ = {isa = PBXBuildFile; fileRef = A3A55E2171D211601FFFEC6E /* Pods_BlinkyTests.framework */; };
/* End PBXBuildFile section */

/* Begin PBXContainerItemProxy section */
		6D8837E7228D7B9100187BE6 /* PBXContainerItemProxy */ = {
			isa = PBXContainerItemProxy;
			containerPortal = 6D8837CA228D7B8E00187BE6 /* Project object */;
			proxyType = 1;
			remoteGlobalIDString = 6D8837D1228D7B8E00187BE6;
			remoteInfo = Blinky;
		};
/* End PBXContainerItemProxy section */

/* Begin PBXFileReference section */
		20712EB824297FEA73F71CF4 /* Pods-Blinky.release.xcconfig */ = {isa = PBXFileReference; includeInIndex = 1; lastKnownFileType = text.xcconfig; name = "Pods-Blinky.release.xcconfig"; path = "Target Support Files/Pods-Blinky/Pods-Blinky.release.xcconfig"; sourceTree = "<group>"; };
		3FC393DC291747B02C6F83D3 /* Pods_Blinky.framework */ = {isa = PBXFileReference; explicitFileType = wrapper.framework; includeInIndex = 0; path = Pods_Blinky.framework; sourceTree = BUILT_PRODUCTS_DIR; };
		6D8837D2228D7B8E00187BE6 /* Blinky.app */ = {isa = PBXFileReference; explicitFileType = wrapper.application; includeInIndex = 0; path = Blinky.app; sourceTree = BUILT_PRODUCTS_DIR; };
		6D8837D5228D7B8E00187BE6 /* AppDelegate.swift */ = {isa = PBXFileReference; lastKnownFileType = sourcecode.swift; path = AppDelegate.swift; sourceTree = "<group>"; };
		6D8837DA228D7B8E00187BE6 /* Base */ = {isa = PBXFileReference; lastKnownFileType = file.storyboard; name = Base; path = Base.lproj/Settings.storyboard; sourceTree = "<group>"; };
		6D8837DC228D7B9100187BE6 /* Assets.xcassets */ = {isa = PBXFileReference; lastKnownFileType = folder.assetcatalog; path = Assets.xcassets; sourceTree = "<group>"; };
		6D8837DF228D7B9100187BE6 /* Base */ = {isa = PBXFileReference; lastKnownFileType = file.storyboard; name = Base; path = Base.lproj/LaunchScreen.storyboard; sourceTree = "<group>"; };
		6D8837E1228D7B9100187BE6 /* Info.plist */ = {isa = PBXFileReference; lastKnownFileType = text.plist.xml; path = Info.plist; sourceTree = "<group>"; };
		6D8837E6228D7B9100187BE6 /* BlinkyTests.xctest */ = {isa = PBXFileReference; explicitFileType = wrapper.cfbundle; includeInIndex = 0; path = BlinkyTests.xctest; sourceTree = BUILT_PRODUCTS_DIR; };
		6D8837EA228D7B9100187BE6 /* BlinkyTests.swift */ = {isa = PBXFileReference; lastKnownFileType = sourcecode.swift; path = BlinkyTests.swift; sourceTree = "<group>"; };
		6D8837EC228D7B9100187BE6 /* Info.plist */ = {isa = PBXFileReference; lastKnownFileType = text.plist.xml; path = Info.plist; sourceTree = "<group>"; };
		6D8837FF228D930200187BE6 /* FriendListViewController.swift */ = {isa = PBXFileReference; lastKnownFileType = sourcecode.swift; path = FriendListViewController.swift; sourceTree = "<group>"; };
		6D883801228D931800187BE6 /* FriendList.storyboard */ = {isa = PBXFileReference; lastKnownFileType = file.storyboard; path = FriendList.storyboard; sourceTree = "<group>"; };
		6D883803228D933100187BE6 /* SearchFriendViewController.swift */ = {isa = PBXFileReference; lastKnownFileType = sourcecode.swift; path = SearchFriendViewController.swift; sourceTree = "<group>"; };
		6D883805228D934100187BE6 /* SearchFriend.storyboard */ = {isa = PBXFileReference; lastKnownFileType = file.storyboard; path = SearchFriend.storyboard; sourceTree = "<group>"; };
		6D883807228D935900187BE6 /* ChangeNickNameViewController.swift */ = {isa = PBXFileReference; lastKnownFileType = sourcecode.swift; path = ChangeNickNameViewController.swift; sourceTree = "<group>"; };
		6D88380A228D938D00187BE6 /* ChangeNickName.storyboard */ = {isa = PBXFileReference; lastKnownFileType = file.storyboard; path = ChangeNickName.storyboard; sourceTree = "<group>"; };
		6D88380D22901A8300187BE6 /* SettingViewController.swift */ = {isa = PBXFileReference; lastKnownFileType = sourcecode.swift; path = SettingViewController.swift; sourceTree = "<group>"; };
		A3A55E2171D211601FFFEC6E /* Pods_BlinkyTests.framework */ = {isa = PBXFileReference; explicitFileType = wrapper.framework; includeInIndex = 0; path = Pods_BlinkyTests.framework; sourceTree = BUILT_PRODUCTS_DIR; };
		A6AA97C35CA3AAEC3547B2B4 /* Pods-BlinkyTests.debug.xcconfig */ = {isa = PBXFileReference; includeInIndex = 1; lastKnownFileType = text.xcconfig; name = "Pods-BlinkyTests.debug.xcconfig"; path = "Target Support Files/Pods-BlinkyTests/Pods-BlinkyTests.debug.xcconfig"; sourceTree = "<group>"; };
		AE2F2BF5716AFF4C2620D049 /* Pods-Blinky.debug.xcconfig */ = {isa = PBXFileReference; includeInIndex = 1; lastKnownFileType = text.xcconfig; name = "Pods-Blinky.debug.xcconfig"; path = "Target Support Files/Pods-Blinky/Pods-Blinky.debug.xcconfig"; sourceTree = "<group>"; };
		FDE7FCF1168DB883BC3469C7 /* Pods-BlinkyTests.release.xcconfig */ = {isa = PBXFileReference; includeInIndex = 1; lastKnownFileType = text.xcconfig; name = "Pods-BlinkyTests.release.xcconfig"; path = "Target Support Files/Pods-BlinkyTests/Pods-BlinkyTests.release.xcconfig"; sourceTree = "<group>"; };
/* End PBXFileReference section */

/* Begin PBXFrameworksBuildPhase section */
		6D8837CF228D7B8E00187BE6 /* Frameworks */ = {
			isa = PBXFrameworksBuildPhase;
			buildActionMask = 2147483647;
			files = (
				806024075F4F7A88B9815894 /* Pods_Blinky.framework in Frameworks */,
			);
			runOnlyForDeploymentPostprocessing = 0;
		};
		6D8837E3228D7B9100187BE6 /* Frameworks */ = {
			isa = PBXFrameworksBuildPhase;
			buildActionMask = 2147483647;
			files = (
				E0709E98FED90EE508BB918D /* Pods_BlinkyTests.framework in Frameworks */,
			);
			runOnlyForDeploymentPostprocessing = 0;
		};
/* End PBXFrameworksBuildPhase section */

/* Begin PBXGroup section */
		3B00FDB49F7B48204568A071 /* Pods */ = {
			isa = PBXGroup;
			children = (
				AE2F2BF5716AFF4C2620D049 /* Pods-Blinky.debug.xcconfig */,
				20712EB824297FEA73F71CF4 /* Pods-Blinky.release.xcconfig */,
				A6AA97C35CA3AAEC3547B2B4 /* Pods-BlinkyTests.debug.xcconfig */,
				FDE7FCF1168DB883BC3469C7 /* Pods-BlinkyTests.release.xcconfig */,
			);
			path = Pods;
			sourceTree = "<group>";
		};
		6D8837C9228D7B8E00187BE6 = {
			isa = PBXGroup;
			children = (
				6D8837D4228D7B8E00187BE6 /* Blinky */,
				6D8837E9228D7B9100187BE6 /* BlinkyTests */,
				6D8837D3228D7B8E00187BE6 /* Products */,
				3B00FDB49F7B48204568A071 /* Pods */,
				E8087F961C992AF6964390CE /* Frameworks */,
			);
			sourceTree = "<group>";
		};
		6D8837D3228D7B8E00187BE6 /* Products */ = {
			isa = PBXGroup;
			children = (
				6D8837D2228D7B8E00187BE6 /* Blinky.app */,
				6D8837E6228D7B9100187BE6 /* BlinkyTests.xctest */,
			);
			name = Products;
			sourceTree = "<group>";
		};
		6D8837D4228D7B8E00187BE6 /* Blinky */ = {
			isa = PBXGroup;
			children = (
				6D8837F5228D8DB200187BE6 /* Screens */,
				6D8837F6228D8DC600187BE6 /* ViewModel */,
				6D8837FE228D8E8000187BE6 /* Searveces */,
				6D8837F7228D8DD400187BE6 /* Model */,
				6D8837FC228D8E4A00187BE6 /* Resouces */,
				6D88380C228D939B00187BE6 /* Stubs */,
				6D8837FD228D8E5E00187BE6 /* SharedObject */,
				6D8837E1228D7B9100187BE6 /* Info.plist */,
			);
			path = Blinky;
			sourceTree = "<group>";
		};
		6D8837E9228D7B9100187BE6 /* BlinkyTests */ = {
			isa = PBXGroup;
			children = (
				6D8837EA228D7B9100187BE6 /* BlinkyTests.swift */,
				6D8837EC228D7B9100187BE6 /* Info.plist */,
			);
			path = BlinkyTests;
			sourceTree = "<group>";
		};
		6D8837F5228D8DB200187BE6 /* Screens */ = {
			isa = PBXGroup;
			children = (
				6D8837F8228D8DE300187BE6 /* Settings */,
				6D8837F9228D8DF800187BE6 /* FriendList */,
				6D8837FA228D8E0A00187BE6 /* SearchFriend */,
				6D8837FB228D8E2000187BE6 /* ChangeNickname */,
			);
			path = Screens;
			sourceTree = "<group>";
		};
		6D8837F6228D8DC600187BE6 /* ViewModel */ = {
			isa = PBXGroup;
			children = (
			);
			path = ViewModel;
			sourceTree = "<group>";
		};
		6D8837F7228D8DD400187BE6 /* Model */ = {
			isa = PBXGroup;
			children = (
			);
			path = Model;
			sourceTree = "<group>";
		};
		6D8837F8228D8DE300187BE6 /* Settings */ = {
			isa = PBXGroup;
			children = (
				6D8837D9228D7B8E00187BE6 /* Settings.storyboard */,
				6D88380D22901A8300187BE6 /* SettingViewController.swift */,
			);
			path = Settings;
			sourceTree = "<group>";
		};
		6D8837F9228D8DF800187BE6 /* FriendList */ = {
			isa = PBXGroup;
			children = (
				6D8837FF228D930200187BE6 /* FriendListViewController.swift */,
				6D883801228D931800187BE6 /* FriendList.storyboard */,
			);
			path = FriendList;
			sourceTree = "<group>";
		};
		6D8837FA228D8E0A00187BE6 /* SearchFriend */ = {
			isa = PBXGroup;
			children = (
				6D883803228D933100187BE6 /* SearchFriendViewController.swift */,
				6D883805228D934100187BE6 /* SearchFriend.storyboard */,
			);
			path = SearchFriend;
			sourceTree = "<group>";
		};
		6D8837FB228D8E2000187BE6 /* ChangeNickname */ = {
			isa = PBXGroup;
			children = (
				6D883807228D935900187BE6 /* ChangeNickNameViewController.swift */,
				6D88380A228D938D00187BE6 /* ChangeNickName.storyboard */,
			);
			path = ChangeNickname;
			sourceTree = "<group>";
		};
		6D8837FC228D8E4A00187BE6 /* Resouces */ = {
			isa = PBXGroup;
			children = (
				6D8837DC228D7B9100187BE6 /* Assets.xcassets */,
				6D8837DE228D7B9100187BE6 /* LaunchScreen.storyboard */,
			);
			path = Resouces;
			sourceTree = "<group>";
		};
		6D8837FD228D8E5E00187BE6 /* SharedObject */ = {
			isa = PBXGroup;
			children = (
				6D8837D5228D7B8E00187BE6 /* AppDelegate.swift */,
			);
			path = SharedObject;
			sourceTree = "<group>";
		};
		6D8837FE228D8E8000187BE6 /* Searveces */ = {
			isa = PBXGroup;
			children = (
			);
			path = Searveces;
			sourceTree = "<group>";
		};
		6D88380C228D939B00187BE6 /* Stubs */ = {
			isa = PBXGroup;
			children = (
			);
			path = Stubs;
			sourceTree = "<group>";
		};
		E8087F961C992AF6964390CE /* Frameworks */ = {
			isa = PBXGroup;
			children = (
				3FC393DC291747B02C6F83D3 /* Pods_Blinky.framework */,
				A3A55E2171D211601FFFEC6E /* Pods_BlinkyTests.framework */,
			);
			name = Frameworks;
			sourceTree = "<group>";
		};
/* End PBXGroup section */

/* Begin PBXNativeTarget section */
		6D8837D1228D7B8E00187BE6 /* Blinky */ = {
			isa = PBXNativeTarget;
			buildConfigurationList = 6D8837EF228D7B9100187BE6 /* Build configuration list for PBXNativeTarget "Blinky" */;
			buildPhases = (
				B4DC98514D94290874DCE7D4 /* [CP] Check Pods Manifest.lock */,
				6D8837CE228D7B8E00187BE6 /* Sources */,
				6D8837CF228D7B8E00187BE6 /* Frameworks */,
				6D8837D0228D7B8E00187BE6 /* Resources */,
				240F400EE56AE4412D2519F3 /* [CP] Embed Pods Frameworks */,
			);
			buildRules = (
			);
			dependencies = (
			);
			name = Blinky;
			productName = Blinky;
			productReference = 6D8837D2228D7B8E00187BE6 /* Blinky.app */;
			productType = "com.apple.product-type.application";
		};
		6D8837E5228D7B9100187BE6 /* BlinkyTests */ = {
			isa = PBXNativeTarget;
			buildConfigurationList = 6D8837F2228D7B9100187BE6 /* Build configuration list for PBXNativeTarget "BlinkyTests" */;
			buildPhases = (
				752AC474253929EAC1303AF4 /* [CP] Check Pods Manifest.lock */,
				6D8837E2228D7B9100187BE6 /* Sources */,
				6D8837E3228D7B9100187BE6 /* Frameworks */,
				6D8837E4228D7B9100187BE6 /* Resources */,
			);
			buildRules = (
			);
			dependencies = (
				6D8837E8228D7B9100187BE6 /* PBXTargetDependency */,
			);
			name = BlinkyTests;
			productName = BlinkyTests;
			productReference = 6D8837E6228D7B9100187BE6 /* BlinkyTests.xctest */;
			productType = "com.apple.product-type.bundle.unit-test";
		};
/* End PBXNativeTarget section */

/* Begin PBXProject section */
		6D8837CA228D7B8E00187BE6 /* Project object */ = {
			isa = PBXProject;
			attributes = {
				LastSwiftUpdateCheck = 1020;
				LastUpgradeCheck = 1020;
				ORGANIZATIONNAME = "Iori Suzuki";
				TargetAttributes = {
					6D8837D1228D7B8E00187BE6 = {
						CreatedOnToolsVersion = 10.2.1;
					};
					6D8837E5228D7B9100187BE6 = {
						CreatedOnToolsVersion = 10.2.1;
						TestTargetID = 6D8837D1228D7B8E00187BE6;
					};
				};
			};
			buildConfigurationList = 6D8837CD228D7B8E00187BE6 /* Build configuration list for PBXProject "Blinky" */;
			compatibilityVersion = "Xcode 9.3";
			developmentRegion = en;
			hasScannedForEncodings = 0;
			knownRegions = (
				en,
				Base,
			);
			mainGroup = 6D8837C9228D7B8E00187BE6;
			productRefGroup = 6D8837D3228D7B8E00187BE6 /* Products */;
			projectDirPath = "";
			projectRoot = "";
			targets = (
				6D8837D1228D7B8E00187BE6 /* Blinky */,
				6D8837E5228D7B9100187BE6 /* BlinkyTests */,
			);
		};
/* End PBXProject section */

/* Begin PBXResourcesBuildPhase section */
		6D8837D0228D7B8E00187BE6 /* Resources */ = {
			isa = PBXResourcesBuildPhase;
			buildActionMask = 2147483647;
			files = (
				6D883802228D931800187BE6 /* FriendList.storyboard in Resources */,
				6D8837E0228D7B9100187BE6 /* LaunchScreen.storyboard in Resources */,
				6D883806228D934100187BE6 /* SearchFriend.storyboard in Resources */,
				6D8837DD228D7B9100187BE6 /* Assets.xcassets in Resources */,
				6D88380B228D938D00187BE6 /* ChangeNickName.storyboard in Resources */,
				6D8837DB228D7B8E00187BE6 /* Settings.storyboard in Resources */,
			);
			runOnlyForDeploymentPostprocessing = 0;
		};
		6D8837E4228D7B9100187BE6 /* Resources */ = {
			isa = PBXResourcesBuildPhase;
			buildActionMask = 2147483647;
			files = (
			);
			runOnlyForDeploymentPostprocessing = 0;
		};
/* End PBXResourcesBuildPhase section */

/* Begin PBXShellScriptBuildPhase section */
		240F400EE56AE4412D2519F3 /* [CP] Embed Pods Frameworks */ = {
			isa = PBXShellScriptBuildPhase;
			buildActionMask = 2147483647;
			files = (
			);
			inputFileListPaths = (
			);
			inputPaths = (
				"${PODS_ROOT}/Target Support Files/Pods-Blinky/Pods-Blinky-frameworks.sh",
				"${BUILT_PRODUCTS_DIR}/OHHTTPStubs/OHHTTPStubs.framework",
			);
			name = "[CP] Embed Pods Frameworks";
			outputFileListPaths = (
			);
			outputPaths = (
				"${TARGET_BUILD_DIR}/${FRAMEWORKS_FOLDER_PATH}/OHHTTPStubs.framework",
			);
			runOnlyForDeploymentPostprocessing = 0;
			shellPath = /bin/sh;
			shellScript = "\"${PODS_ROOT}/Target Support Files/Pods-Blinky/Pods-Blinky-frameworks.sh\"\n";
			showEnvVarsInLog = 0;
		};
		752AC474253929EAC1303AF4 /* [CP] Check Pods Manifest.lock */ = {
			isa = PBXShellScriptBuildPhase;
			buildActionMask = 2147483647;
			files = (
			);
			inputFileListPaths = (
			);
			inputPaths = (
				"${PODS_PODFILE_DIR_PATH}/Podfile.lock",
				"${PODS_ROOT}/Manifest.lock",
			);
			name = "[CP] Check Pods Manifest.lock";
			outputFileListPaths = (
			);
			outputPaths = (
				"$(DERIVED_FILE_DIR)/Pods-BlinkyTests-checkManifestLockResult.txt",
			);
			runOnlyForDeploymentPostprocessing = 0;
			shellPath = /bin/sh;
			shellScript = "diff \"${PODS_PODFILE_DIR_PATH}/Podfile.lock\" \"${PODS_ROOT}/Manifest.lock\" > /dev/null\nif [ $? != 0 ] ; then\n    # print error to STDERR\n    echo \"error: The sandbox is not in sync with the Podfile.lock. Run 'pod install' or update your CocoaPods installation.\" >&2\n    exit 1\nfi\n# This output is used by Xcode 'outputs' to avoid re-running this script phase.\necho \"SUCCESS\" > \"${SCRIPT_OUTPUT_FILE_0}\"\n";
			showEnvVarsInLog = 0;
		};
		B4DC98514D94290874DCE7D4 /* [CP] Check Pods Manifest.lock */ = {
			isa = PBXShellScriptBuildPhase;
			buildActionMask = 2147483647;
			files = (
			);
			inputFileListPaths = (
			);
			inputPaths = (
				"${PODS_PODFILE_DIR_PATH}/Podfile.lock",
				"${PODS_ROOT}/Manifest.lock",
			);
			name = "[CP] Check Pods Manifest.lock";
			outputFileListPaths = (
			);
			outputPaths = (
				"$(DERIVED_FILE_DIR)/Pods-Blinky-checkManifestLockResult.txt",
			);
			runOnlyForDeploymentPostprocessing = 0;
			shellPath = /bin/sh;
			shellScript = "diff \"${PODS_PODFILE_DIR_PATH}/Podfile.lock\" \"${PODS_ROOT}/Manifest.lock\" > /dev/null\nif [ $? != 0 ] ; then\n    # print error to STDERR\n    echo \"error: The sandbox is not in sync with the Podfile.lock. Run 'pod install' or update your CocoaPods installation.\" >&2\n    exit 1\nfi\n# This output is used by Xcode 'outputs' to avoid re-running this script phase.\necho \"SUCCESS\" > \"${SCRIPT_OUTPUT_FILE_0}\"\n";
			showEnvVarsInLog = 0;
		};
/* End PBXShellScriptBuildPhase section */

/* Begin PBXSourcesBuildPhase section */
		6D8837CE228D7B8E00187BE6 /* Sources */ = {
			isa = PBXSourcesBuildPhase;
			buildActionMask = 2147483647;
			files = (
				6D88380E22901A8300187BE6 /* SettingViewController.swift in Sources */,
				6D883804228D933100187BE6 /* SearchFriendViewController.swift in Sources */,
				6D8837D6228D7B8E00187BE6 /* AppDelegate.swift in Sources */,
				6D883800228D930200187BE6 /* FriendListViewController.swift in Sources */,
				6D883808228D935900187BE6 /* ChangeNickNameViewController.swift in Sources */,
			);
			runOnlyForDeploymentPostprocessing = 0;
		};
		6D8837E2228D7B9100187BE6 /* Sources */ = {
			isa = PBXSourcesBuildPhase;
			buildActionMask = 2147483647;
			files = (
				6D8837EB228D7B9100187BE6 /* BlinkyTests.swift in Sources */,
			);
			runOnlyForDeploymentPostprocessing = 0;
		};
/* End PBXSourcesBuildPhase section */

/* Begin PBXTargetDependency section */
		6D8837E8228D7B9100187BE6 /* PBXTargetDependency */ = {
			isa = PBXTargetDependency;
			target = 6D8837D1228D7B8E00187BE6 /* Blinky */;
			targetProxy = 6D8837E7228D7B9100187BE6 /* PBXContainerItemProxy */;
		};
/* End PBXTargetDependency section */

/* Begin PBXVariantGroup section */
		6D8837D9228D7B8E00187BE6 /* Settings.storyboard */ = {
			isa = PBXVariantGroup;
			children = (
				6D8837DA228D7B8E00187BE6 /* Base */,
			);
			name = Settings.storyboard;
			sourceTree = "<group>";
		};
		6D8837DE228D7B9100187BE6 /* LaunchScreen.storyboard */ = {
			isa = PBXVariantGroup;
			children = (
				6D8837DF228D7B9100187BE6 /* Base */,
			);
			name = LaunchScreen.storyboard;
			sourceTree = "<group>";
		};
/* End PBXVariantGroup section */

/* Begin XCBuildConfiguration section */
		6D8837ED228D7B9100187BE6 /* Debug */ = {
			isa = XCBuildConfiguration;
			buildSettings = {
				ALWAYS_SEARCH_USER_PATHS = NO;
				CLANG_ANALYZER_NONNULL = YES;
				CLANG_ANALYZER_NUMBER_OBJECT_CONVERSION = YES_AGGRESSIVE;
				CLANG_CXX_LANGUAGE_STANDARD = "gnu++14";
				CLANG_CXX_LIBRARY = "libc++";
				CLANG_ENABLE_MODULES = YES;
				CLANG_ENABLE_OBJC_ARC = YES;
				CLANG_ENABLE_OBJC_WEAK = YES;
				CLANG_WARN_BLOCK_CAPTURE_AUTORELEASING = YES;
				CLANG_WARN_BOOL_CONVERSION = YES;
				CLANG_WARN_COMMA = YES;
				CLANG_WARN_CONSTANT_CONVERSION = YES;
				CLANG_WARN_DEPRECATED_OBJC_IMPLEMENTATIONS = YES;
				CLANG_WARN_DIRECT_OBJC_ISA_USAGE = YES_ERROR;
				CLANG_WARN_DOCUMENTATION_COMMENTS = YES;
				CLANG_WARN_EMPTY_BODY = YES;
				CLANG_WARN_ENUM_CONVERSION = YES;
				CLANG_WARN_INFINITE_RECURSION = YES;
				CLANG_WARN_INT_CONVERSION = YES;
				CLANG_WARN_NON_LITERAL_NULL_CONVERSION = YES;
				CLANG_WARN_OBJC_IMPLICIT_RETAIN_SELF = YES;
				CLANG_WARN_OBJC_LITERAL_CONVERSION = YES;
				CLANG_WARN_OBJC_ROOT_CLASS = YES_ERROR;
				CLANG_WARN_RANGE_LOOP_ANALYSIS = YES;
				CLANG_WARN_STRICT_PROTOTYPES = YES;
				CLANG_WARN_SUSPICIOUS_MOVE = YES;
				CLANG_WARN_UNGUARDED_AVAILABILITY = YES_AGGRESSIVE;
				CLANG_WARN_UNREACHABLE_CODE = YES;
				CLANG_WARN__DUPLICATE_METHOD_MATCH = YES;
				CODE_SIGN_IDENTITY = "iPhone Developer";
				COPY_PHASE_STRIP = NO;
				DEBUG_INFORMATION_FORMAT = dwarf;
				ENABLE_STRICT_OBJC_MSGSEND = YES;
				ENABLE_TESTABILITY = YES;
				GCC_C_LANGUAGE_STANDARD = gnu11;
				GCC_DYNAMIC_NO_PIC = NO;
				GCC_NO_COMMON_BLOCKS = YES;
				GCC_OPTIMIZATION_LEVEL = 0;
				GCC_PREPROCESSOR_DEFINITIONS = (
					"DEBUG=1",
					"$(inherited)",
				);
				GCC_WARN_64_TO_32_BIT_CONVERSION = YES;
				GCC_WARN_ABOUT_RETURN_TYPE = YES_ERROR;
				GCC_WARN_UNDECLARED_SELECTOR = YES;
				GCC_WARN_UNINITIALIZED_AUTOS = YES_AGGRESSIVE;
				GCC_WARN_UNUSED_FUNCTION = YES;
				GCC_WARN_UNUSED_VARIABLE = YES;
				IPHONEOS_DEPLOYMENT_TARGET = 11.4;
				MTL_ENABLE_DEBUG_INFO = INCLUDE_SOURCE;
				MTL_FAST_MATH = YES;
				ONLY_ACTIVE_ARCH = YES;
				SDKROOT = iphoneos;
				SWIFT_ACTIVE_COMPILATION_CONDITIONS = DEBUG;
				SWIFT_OPTIMIZATION_LEVEL = "-Onone";
			};
			name = Debug;
		};
		6D8837EE228D7B9100187BE6 /* Release */ = {
			isa = XCBuildConfiguration;
			buildSettings = {
				ALWAYS_SEARCH_USER_PATHS = NO;
				CLANG_ANALYZER_NONNULL = YES;
				CLANG_ANALYZER_NUMBER_OBJECT_CONVERSION = YES_AGGRESSIVE;
				CLANG_CXX_LANGUAGE_STANDARD = "gnu++14";
				CLANG_CXX_LIBRARY = "libc++";
				CLANG_ENABLE_MODULES = YES;
				CLANG_ENABLE_OBJC_ARC = YES;
				CLANG_ENABLE_OBJC_WEAK = YES;
				CLANG_WARN_BLOCK_CAPTURE_AUTORELEASING = YES;
				CLANG_WARN_BOOL_CONVERSION = YES;
				CLANG_WARN_COMMA = YES;
				CLANG_WARN_CONSTANT_CONVERSION = YES;
				CLANG_WARN_DEPRECATED_OBJC_IMPLEMENTATIONS = YES;
				CLANG_WARN_DIRECT_OBJC_ISA_USAGE = YES_ERROR;
				CLANG_WARN_DOCUMENTATION_COMMENTS = YES;
				CLANG_WARN_EMPTY_BODY = YES;
				CLANG_WARN_ENUM_CONVERSION = YES;
				CLANG_WARN_INFINITE_RECURSION = YES;
				CLANG_WARN_INT_CONVERSION = YES;
				CLANG_WARN_NON_LITERAL_NULL_CONVERSION = YES;
				CLANG_WARN_OBJC_IMPLICIT_RETAIN_SELF = YES;
				CLANG_WARN_OBJC_LITERAL_CONVERSION = YES;
				CLANG_WARN_OBJC_ROOT_CLASS = YES_ERROR;
				CLANG_WARN_RANGE_LOOP_ANALYSIS = YES;
				CLANG_WARN_STRICT_PROTOTYPES = YES;
				CLANG_WARN_SUSPICIOUS_MOVE = YES;
				CLANG_WARN_UNGUARDED_AVAILABILITY = YES_AGGRESSIVE;
				CLANG_WARN_UNREACHABLE_CODE = YES;
				CLANG_WARN__DUPLICATE_METHOD_MATCH = YES;
				CODE_SIGN_IDENTITY = "iPhone Developer";
				COPY_PHASE_STRIP = NO;
				DEBUG_INFORMATION_FORMAT = "dwarf-with-dsym";
				ENABLE_NS_ASSERTIONS = NO;
				ENABLE_STRICT_OBJC_MSGSEND = YES;
				GCC_C_LANGUAGE_STANDARD = gnu11;
				GCC_NO_COMMON_BLOCKS = YES;
				GCC_WARN_64_TO_32_BIT_CONVERSION = YES;
				GCC_WARN_ABOUT_RETURN_TYPE = YES_ERROR;
				GCC_WARN_UNDECLARED_SELECTOR = YES;
				GCC_WARN_UNINITIALIZED_AUTOS = YES_AGGRESSIVE;
				GCC_WARN_UNUSED_FUNCTION = YES;
				GCC_WARN_UNUSED_VARIABLE = YES;
				IPHONEOS_DEPLOYMENT_TARGET = 11.4;
				MTL_ENABLE_DEBUG_INFO = NO;
				MTL_FAST_MATH = YES;
				SDKROOT = iphoneos;
				SWIFT_COMPILATION_MODE = wholemodule;
				SWIFT_OPTIMIZATION_LEVEL = "-O";
				VALIDATE_PRODUCT = YES;
			};
			name = Release;
		};
		6D8837F0228D7B9100187BE6 /* Debug */ = {
			isa = XCBuildConfiguration;
			baseConfigurationReference = AE2F2BF5716AFF4C2620D049 /* Pods-Blinky.debug.xcconfig */;
			buildSettings = {
				ASSETCATALOG_COMPILER_APPICON_NAME = AppIcon;
				CODE_SIGN_STYLE = Manual;
				DEVELOPMENT_TEAM = "";
				INFOPLIST_FILE = Blinky/Info.plist;
				LD_RUNPATH_SEARCH_PATHS = (
					"$(inherited)",
					"@executable_path/Frameworks",
				);
				PRODUCT_BUNDLE_IDENTIFIER = com.Blinky;
				PRODUCT_NAME = "$(TARGET_NAME)";
				PROVISIONING_PROFILE_SPECIFIER = "";
				SWIFT_VERSION = 5.0;
				TARGETED_DEVICE_FAMILY = "1,2";
			};
			name = Debug;
		};
		6D8837F1228D7B9100187BE6 /* Release */ = {
			isa = XCBuildConfiguration;
			baseConfigurationReference = 20712EB824297FEA73F71CF4 /* Pods-Blinky.release.xcconfig */;
			buildSettings = {
				ASSETCATALOG_COMPILER_APPICON_NAME = AppIcon;
				CODE_SIGN_STYLE = Manual;
				DEVELOPMENT_TEAM = "";
				INFOPLIST_FILE = Blinky/Info.plist;
				LD_RUNPATH_SEARCH_PATHS = (
					"$(inherited)",
					"@executable_path/Frameworks",
				);
				PRODUCT_BUNDLE_IDENTIFIER = com.Blinky;
				PRODUCT_NAME = "$(TARGET_NAME)";
				PROVISIONING_PROFILE_SPECIFIER = "";
				SWIFT_VERSION = 5.0;
				TARGETED_DEVICE_FAMILY = "1,2";
			};
			name = Release;
		};
		6D8837F3228D7B9100187BE6 /* Debug */ = {
			isa = XCBuildConfiguration;
			baseConfigurationReference = A6AA97C35CA3AAEC3547B2B4 /* Pods-BlinkyTests.debug.xcconfig */;
			buildSettings = {
				ALWAYS_EMBED_SWIFT_STANDARD_LIBRARIES = YES;
				BUNDLE_LOADER = "$(TEST_HOST)";
				CODE_SIGN_STYLE = Manual;
				DEVELOPMENT_TEAM = "";
				INFOPLIST_FILE = BlinkyTests/Info.plist;
				LD_RUNPATH_SEARCH_PATHS = (
					"$(inherited)",
					"@executable_path/Frameworks",
					"@loader_path/Frameworks",
				);
				PRODUCT_BUNDLE_IDENTIFIER = com.BlinkyTests;
				PRODUCT_NAME = "$(TARGET_NAME)";
				PROVISIONING_PROFILE_SPECIFIER = "";
				SWIFT_VERSION = 5.0;
				TARGETED_DEVICE_FAMILY = "1,2";
				TEST_HOST = "$(BUILT_PRODUCTS_DIR)/Blinky.app/Blinky";
			};
			name = Debug;
		};
		6D8837F4228D7B9100187BE6 /* Release */ = {
			isa = XCBuildConfiguration;
			baseConfigurationReference = FDE7FCF1168DB883BC3469C7 /* Pods-BlinkyTests.release.xcconfig */;
			buildSettings = {
				ALWAYS_EMBED_SWIFT_STANDARD_LIBRARIES = YES;
				BUNDLE_LOADER = "$(TEST_HOST)";
				CODE_SIGN_STYLE = Manual;
				DEVELOPMENT_TEAM = "";
				INFOPLIST_FILE = BlinkyTests/Info.plist;
				LD_RUNPATH_SEARCH_PATHS = (
					"$(inherited)",
					"@executable_path/Frameworks",
					"@loader_path/Frameworks",
				);
				PRODUCT_BUNDLE_IDENTIFIER = com.BlinkyTests;
				PRODUCT_NAME = "$(TARGET_NAME)";
				PROVISIONING_PROFILE_SPECIFIER = "";
				SWIFT_VERSION = 5.0;
				TARGETED_DEVICE_FAMILY = "1,2";
				TEST_HOST = "$(BUILT_PRODUCTS_DIR)/Blinky.app/Blinky";
			};
			name = Release;
		};
/* End XCBuildConfiguration section */

/* Begin XCConfigurationList section */
		6D8837CD228D7B8E00187BE6 /* Build configuration list for PBXProject "Blinky" */ = {
			isa = XCConfigurationList;
			buildConfigurations = (
				6D8837ED228D7B9100187BE6 /* Debug */,
				6D8837EE228D7B9100187BE6 /* Release */,
			);
			defaultConfigurationIsVisible = 0;
			defaultConfigurationName = Debug;
		};
		6D8837EF228D7B9100187BE6 /* Build configuration list for PBXNativeTarget "Blinky" */ = {
			isa = XCConfigurationList;
			buildConfigurations = (
				6D8837F0228D7B9100187BE6 /* Debug */,
				6D8837F1228D7B9100187BE6 /* Release */,
			);
			defaultConfigurationIsVisible = 0;
			defaultConfigurationName = Debug;
		};
		6D8837F2228D7B9100187BE6 /* Build configuration list for PBXNativeTarget "BlinkyTests" */ = {
			isa = XCConfigurationList;
			buildConfigurations = (
				6D8837F3228D7B9100187BE6 /* Debug */,
				6D8837F4228D7B9100187BE6 /* Release */,
			);
			defaultConfigurationIsVisible = 0;
			defaultConfigurationName = Debug;
		};
/* End XCConfigurationList section */
	};
	rootObject = 6D8837CA228D7B8E00187BE6 /* Project object */;
}
